
Microsoft Visual Studio Solution File, Format Version 12.00
# Visual Studio Version 17
VisualStudioVersion = 17.9.34902.65
MinimumVisualStudioVersion = 10.0.40219.1
Project("{2150E333-8FDC-42A3-9474-1A3956D46DE8}") = "aspnet_core_mvc", "aspnet_core_mvc", "{C2DC1743-0D3B-407E-A0FB-464D060CB0D3}"
EndProject
Project("{2150E333-8FDC-42A3-9474-1A3956D46DE8}") = "1 - Filters in Core MVC", "1 - Filters in Core MVC", "{8D38E5EA-7B85-4CE8-9A4C-3430D1B5532A}"
EndProject
Project("{FAE04EC0-301F-11D3-BF4B-00C04F79EFBC}") = "filters_in_core_mvc", "1 - Filters in Core MVC\filters_in_core_mvc\filters_in_core_mvc.csproj", "{5AC5FAB3-D8F6-45E1-88CD-2942B2EA64FC}"
EndProject
Global
	GlobalSection(SolutionConfigurationPlatforms) = preSolution
		Debug|Any CPU = Debug|Any CPU
		Release|Any CPU = Release|Any CPU
	EndGlobalSection
	GlobalSection(ProjectConfigurationPlatforms) = postSolution
		{5AC5FAB3-D8F6-45E1-88CD-2942B2EA64FC}.Debug|Any CPU.ActiveCfg = Debug|Any CPU
		{5AC5FAB3-D8F6-45E1-88CD-2942B2EA64FC}.Debug|Any CPU.Build.0 = Debug|Any CPU
		{5AC5FAB3-D8F6-45E1-88CD-2942B2EA64FC}.Release|Any CPU.ActiveCfg = Release|Any CPU
		{5AC5FAB3-D8F6-45E1-88CD-2942B2EA64FC}.Release|Any CPU.Build.0 = Release|Any CPU
	EndGlobalSection
	GlobalSection(SolutionProperties) = preSolution
		HideSolutionNode = FALSE
	EndGlobalSection
	GlobalSection(NestedProjects) = preSolution
		{8D38E5EA-7B85-4CE8-9A4C-3430D1B5532A} = {C2DC1743-0D3B-407E-A0FB-464D060CB0D3}
		{5AC5FAB3-D8F6-45E1-88CD-2942B2EA64FC} = {8D38E5EA-7B85-4CE8-9A4C-3430D1B5532A}
	EndGlobalSection
	GlobalSection(ExtensibilityGlobals) = postSolution
		SolutionGuid = {6517531D-16FD-4F80-8221-B78FAAFCA8E7}
	EndGlobalSection
EndGlobal
