
Microsoft Visual Studio Solution File, Format Version 12.00
# Visual Studio Version 17
VisualStudioVersion = 17.9.34902.65
MinimumVisualStudioVersion = 10.0.40219.1
Project("{2150E333-8FDC-42A3-9474-1A3956D46DE8}") = "aspnet_core_mvc", "aspnet_core_mvc", "{C2DC1743-0D3B-407E-A0FB-464D060CB0D3}"
EndProject
Project("{2150E333-8FDC-42A3-9474-1A3956D46DE8}") = "1 - Filters in Core MVC", "1 - Filters in Core MVC", "{8D38E5EA-7B85-4CE8-9A4C-3430D1B5532A}"
EndProject
Project("{9A19103F-16F7-4668-BE54-9A1E7A4F7556}") = "filters_in_core_mvc", "aspnet_core_mvc\1 - Filters in Core MVC\filters_in_core_mvc\filters_in_core_mvc.csproj", "{C14C6EDF-24F0-4308-A44B-016834F053DC}"
EndProject
Project("{2150E333-8FDC-42A3-9474-1A3956D46DE8}") = "2 - Anti-Forgery Token in Core MVC", "2 - Anti-Forgery Token in Core MVC", "{ECB10148-D7E6-4569-A053-13FC5FA35F5C}"
EndProject
Project("{FAE04EC0-301F-11D3-BF4B-00C04F79EFBC}") = "antiforgery_token", "aspnet_core_mvc\2 - Anti-Forgery Token in Core MVC\antiforgery_token\antiforgery_token.csproj", "{F1412951-EF71-4C27-BE3C-2AF895F71669}"
EndProject
Project("{2150E333-8FDC-42A3-9474-1A3956D46DE8}") = "3 - ViewData, ViewBag and TempData", "3 - ViewData, ViewBag and TempData", "{4870DDCC-F869-44E5-8CDF-4D896F8BF878}"
EndProject
Project("{FAE04EC0-301F-11D3-BF4B-00C04F79EFBC}") = "viewbag_viewdata_tempdata", "aspnet_core_mvc\3 - ViewData, ViewBag and TempData\viewbag_viewdata_tempdata\viewbag_viewdata_tempdata.csproj", "{0FE300DC-4FB8-4F5C-8089-C2EECC6812CF}"
EndProject
Project("{2150E333-8FDC-42A3-9474-1A3956D46DE8}") = "4 - Passing Data between Controllers and Views", "4 - Passing Data between Controllers and Views", "{F7011139-0453-4C09-B2EB-C8BE01D79BBE}"
EndProject
Project("{FAE04EC0-301F-11D3-BF4B-00C04F79EFBC}") = "passing_data", "aspnet_core_mvc\4 - Passing Data between Controllers and Views\passing_data\passing_data.csproj", "{4F92E855-1127-488E-8770-4188616710B3}"
EndProject
Project("{2150E333-8FDC-42A3-9474-1A3956D46DE8}") = "5 - Routing in Core MVC", "5 - Routing in Core MVC", "{749FFEEC-BA3B-4BF3-929C-2E666889DFA4}"
EndProject
Project("{FAE04EC0-301F-11D3-BF4B-00C04F79EFBC}") = "routing_in_core_mvc", "aspnet_core_mvc\5 - Routing in Core MVC\routing_in_core_mvc\routing_in_core_mvc.csproj", "{7480E387-6CC2-49F0-B214-0862D3129937}"
EndProject
Project("{2150E333-8FDC-42A3-9474-1A3956D46DE8}") = "6 - Partial Views in Core MVC", "6 - Partial Views in Core MVC", "{759C5AC7-0206-4CFE-80D3-D771198BE964}"
EndProject
Project("{FAE04EC0-301F-11D3-BF4B-00C04F79EFBC}") = "partial_views", "aspnet_core_mvc\6 - Partial Views in Core MVC\partial_views\partial_views.csproj", "{6C1D1CFE-A75A-4A7A-AECF-AAE1CB783F27}"
EndProject
Project("{2150E333-8FDC-42A3-9474-1A3956D46DE8}") = "7 - ASP.Net MVC vs ASP.Net Core MVC", "7 - ASP.Net MVC vs ASP.Net Core MVC", "{7264700B-6D13-46C7-8934-40249CC55713}"
EndProject
Project("{FAE04EC0-301F-11D3-BF4B-00C04F79EFBC}") = "mvc_vs_core_mvc", "aspnet_core_mvc\7 - ASP.Net MVC vs ASP.Net Core MVC\mvc_vs_core_mvc\mvc_vs_core_mvc.csproj", "{E67DBDBC-D311-46CB-8F6F-4A84F1FCE8B0}"
EndProject
Project("{2150E333-8FDC-42A3-9474-1A3956D46DE8}") = "8 - IActionResult vs ActionResult", "8 - IActionResult vs ActionResult", "{CCFA2C06-FD96-43FA-9D20-44220030B7EE}"
EndProject
Project("{FAE04EC0-301F-11D3-BF4B-00C04F79EFBC}") = "iactionresult_vs_actionresult", "aspnet_core_mvc\8 - IActionResult vs ActionResult\iactionresult_vs_actionresult\iactionresult_vs_actionresult.csproj", "{C487D86E-3523-4A00-9BDB-E655D0105E1A}"
EndProject
Project("{2150E333-8FDC-42A3-9474-1A3956D46DE8}") = "9 - Route Constraints in Core MVC", "9 - Route Constraints in Core MVC", "{061A7ADE-AE55-4D3F-A027-A9F0C43316FC}"
EndProject
Project("{FAE04EC0-301F-11D3-BF4B-00C04F79EFBC}") = "route_constraint", "aspnet_core_mvc\9 - Route Constraints in Core MVC\route_constraint\route_constraint.csproj", "{B1A3D13D-01BD-48A6-B798-3BF73E0C1D23}"
EndProject
Project("{2150E333-8FDC-42A3-9474-1A3956D46DE8}") = "10 - Session in Core MVC", "10 - Session in Core MVC", "{9EA395C6-DDA0-4B17-8FF2-EF491A80513A}"
EndProject
Project("{FAE04EC0-301F-11D3-BF4B-00C04F79EFBC}") = "session_in_core_mvc", "aspnet_core_mvc\10 - Session in Core MVC\session_in_core_mvc\session_in_core_mvc.csproj", "{09007305-4C3C-4D54-A4DA-5CA83837DD76}"
EndProject
Project("{2150E333-8FDC-42A3-9474-1A3956D46DE8}") = "11 - Lifecycle of Core MVC", "11 - Lifecycle of Core MVC", "{4BE20776-A0A9-467C-AA27-3E2B5DF222D7}"
EndProject
Project("{FAE04EC0-301F-11D3-BF4B-00C04F79EFBC}") = "lifecycle_of_mvc", "aspnet_core_mvc\11 - Lifecycle of Core MVC\lifecycle_of_mvc\lifecycle_of_mvc.csproj", "{F7137A4D-A160-4647-8DE5-9DA16EEAF40E}"
EndProject
Project("{2150E333-8FDC-42A3-9474-1A3956D46DE8}") = "12 - ReturnTypes in Core MVC", "12 - ReturnTypes in Core MVC", "{DCEDFD98-7910-46CC-B00E-F4C11D0A764C}"
EndProject
Project("{FAE04EC0-301F-11D3-BF4B-00C04F79EFBC}") = "returntypes_in_core_mvc", "aspnet_core_mvc\12 - ReturnTypes in Core MVC\returntypes_in_core_mvc\returntypes_in_core_mvc.csproj", "{3EC1BFEE-476E-4902-B806-777A5D294DC6}"
EndProject
Project("{2150E333-8FDC-42A3-9474-1A3956D46DE8}") = "13 - ViewStart File in Core MVC", "13 - ViewStart File in Core MVC", "{01F5592D-11E1-413D-BB9E-6FEC52058BB4}"
EndProject
Project("{FAE04EC0-301F-11D3-BF4B-00C04F79EFBC}") = "viewstart_file_in_core_mvc", "aspnet_core_mvc\13 - ViewStart File in Core MVC\viewstart_file_in_core_mvc\viewstart_file_in_core_mvc.csproj", "{7572A78E-BC09-4811-A28F-E3C449F992F2}"
EndProject
Project("{2150E333-8FDC-42A3-9474-1A3956D46DE8}") = "14 - RenderBody vs RenderPage in Core MVC", "14 - RenderBody vs RenderPage in Core MVC", "{8AF4922D-9D1F-44BB-BAC4-A5F79CB6B4AF}"
EndProject
Project("{FAE04EC0-301F-11D3-BF4B-00C04F79EFBC}") = "renderbody_vs_renderpage", "aspnet_core_mvc\14 - RenderBody vs RenderPage in Core MVC\renderbody_vs_renderpage\renderbody_vs_renderpage.csproj", "{6ABC3046-4AFE-4BA5-8064-3619529A62F1}"
EndProject
Project("{2150E333-8FDC-42A3-9474-1A3956D46DE8}") = "15 - State Management in Core MVC", "15 - State Management in Core MVC", "{2933BC16-1643-4D3E-85AD-556E23AA82A6}"
EndProject
Project("{FAE04EC0-301F-11D3-BF4B-00C04F79EFBC}") = "state_management_in_core_mvc", "aspnet_core_mvc\15 - State Management in Core MVC\state_management_in_core_mvc\state_management_in_core_mvc.csproj", "{D9AFCC67-B67C-4604-844F-9FE152C460F4}"
EndProject
Project("{2150E333-8FDC-42A3-9474-1A3956D46DE8}") = "16 - Return JSON Response from Core MVC", "16 - Return JSON Response from Core MVC", "{E6EA2D61-0556-4D65-9D39-371700408A4B}"
EndProject
Project("{FAE04EC0-301F-11D3-BF4B-00C04F79EFBC}") = "return_json_response", "aspnet_core_mvc\16 - Return JSON Response from Core MVC\return_json_response\return_json_response.csproj", "{F56CCC12-E0A0-42E0-B883-45D2AC25B0D2}"
EndProject
Project("{2150E333-8FDC-42A3-9474-1A3956D46DE8}") = "17 - Output Caching in Core MVC", "17 - Output Caching in Core MVC", "{3218169A-3214-443E-B53C-FCFCB08D1EFD}"
EndProject
Project("{FAE04EC0-301F-11D3-BF4B-00C04F79EFBC}") = "output_caching", "aspnet_core_mvc\17 - Output Caching in Core MVC\output_caching\output_caching.csproj", "{75B3D8F6-2E5A-446D-B958-0F3A290D20AE}"
EndProject
Project("{2150E333-8FDC-42A3-9474-1A3956D46DE8}") = "18 - Non-Action Method in Core MVC", "18 - Non-Action Method in Core MVC", "{DC4A4221-C790-40CB-92F7-7B171A232A50}"
EndProject
Project("{FAE04EC0-301F-11D3-BF4B-00C04F79EFBC}") = "nonaction_method_in_core_mvc", "aspnet_core_mvc\18 - Non-Action Method In Core MVC\nonaction_method_in_core_mvc\nonaction_method_in_core_mvc.csproj", "{4C1A8EFC-D8D0-4B62-91D8-C9C9529E0CFD}"
EndProject
Project("{2150E333-8FDC-42A3-9474-1A3956D46DE8}") = "19 - Server-Side Validation in Core MVC", "19 - Server-Side Validation in Core MVC", "{0DF9F0DC-8B97-41C1-9520-5732F940DD99}"
EndProject
Project("{FAE04EC0-301F-11D3-BF4B-00C04F79EFBC}") = "server_side_validation", "aspnet_core_mvc\19 - Server-Side Validation in Core MVC\server_side_validation\server_side_validation.csproj", "{F60966FB-621F-4431-B8A5-F09AF941360A}"
EndProject
Global
	GlobalSection(SolutionConfigurationPlatforms) = preSolution
		Debug|Any CPU = Debug|Any CPU
		Release|Any CPU = Release|Any CPU
	EndGlobalSection
	GlobalSection(ProjectConfigurationPlatforms) = postSolution
		{C14C6EDF-24F0-4308-A44B-016834F053DC}.Debug|Any CPU.ActiveCfg = Debug|Any CPU
		{C14C6EDF-24F0-4308-A44B-016834F053DC}.Debug|Any CPU.Build.0 = Debug|Any CPU
		{C14C6EDF-24F0-4308-A44B-016834F053DC}.Release|Any CPU.ActiveCfg = Release|Any CPU
		{C14C6EDF-24F0-4308-A44B-016834F053DC}.Release|Any CPU.Build.0 = Release|Any CPU
		{F1412951-EF71-4C27-BE3C-2AF895F71669}.Debug|Any CPU.ActiveCfg = Debug|Any CPU
		{F1412951-EF71-4C27-BE3C-2AF895F71669}.Debug|Any CPU.Build.0 = Debug|Any CPU
		{F1412951-EF71-4C27-BE3C-2AF895F71669}.Release|Any CPU.ActiveCfg = Release|Any CPU
		{F1412951-EF71-4C27-BE3C-2AF895F71669}.Release|Any CPU.Build.0 = Release|Any CPU
		{0FE300DC-4FB8-4F5C-8089-C2EECC6812CF}.Debug|Any CPU.ActiveCfg = Debug|Any CPU
		{0FE300DC-4FB8-4F5C-8089-C2EECC6812CF}.Debug|Any CPU.Build.0 = Debug|Any CPU
		{0FE300DC-4FB8-4F5C-8089-C2EECC6812CF}.Release|Any CPU.ActiveCfg = Release|Any CPU
		{0FE300DC-4FB8-4F5C-8089-C2EECC6812CF}.Release|Any CPU.Build.0 = Release|Any CPU
		{4F92E855-1127-488E-8770-4188616710B3}.Debug|Any CPU.ActiveCfg = Debug|Any CPU
		{4F92E855-1127-488E-8770-4188616710B3}.Debug|Any CPU.Build.0 = Debug|Any CPU
		{4F92E855-1127-488E-8770-4188616710B3}.Release|Any CPU.ActiveCfg = Release|Any CPU
		{4F92E855-1127-488E-8770-4188616710B3}.Release|Any CPU.Build.0 = Release|Any CPU
		{7480E387-6CC2-49F0-B214-0862D3129937}.Debug|Any CPU.ActiveCfg = Debug|Any CPU
		{7480E387-6CC2-49F0-B214-0862D3129937}.Debug|Any CPU.Build.0 = Debug|Any CPU
		{7480E387-6CC2-49F0-B214-0862D3129937}.Release|Any CPU.ActiveCfg = Release|Any CPU
		{7480E387-6CC2-49F0-B214-0862D3129937}.Release|Any CPU.Build.0 = Release|Any CPU
		{6C1D1CFE-A75A-4A7A-AECF-AAE1CB783F27}.Debug|Any CPU.ActiveCfg = Debug|Any CPU
		{6C1D1CFE-A75A-4A7A-AECF-AAE1CB783F27}.Debug|Any CPU.Build.0 = Debug|Any CPU
		{6C1D1CFE-A75A-4A7A-AECF-AAE1CB783F27}.Release|Any CPU.ActiveCfg = Release|Any CPU
		{6C1D1CFE-A75A-4A7A-AECF-AAE1CB783F27}.Release|Any CPU.Build.0 = Release|Any CPU
		{E67DBDBC-D311-46CB-8F6F-4A84F1FCE8B0}.Debug|Any CPU.ActiveCfg = Debug|Any CPU
		{E67DBDBC-D311-46CB-8F6F-4A84F1FCE8B0}.Debug|Any CPU.Build.0 = Debug|Any CPU
		{E67DBDBC-D311-46CB-8F6F-4A84F1FCE8B0}.Release|Any CPU.ActiveCfg = Release|Any CPU
		{E67DBDBC-D311-46CB-8F6F-4A84F1FCE8B0}.Release|Any CPU.Build.0 = Release|Any CPU
		{C487D86E-3523-4A00-9BDB-E655D0105E1A}.Debug|Any CPU.ActiveCfg = Debug|Any CPU
		{C487D86E-3523-4A00-9BDB-E655D0105E1A}.Debug|Any CPU.Build.0 = Debug|Any CPU
		{C487D86E-3523-4A00-9BDB-E655D0105E1A}.Release|Any CPU.ActiveCfg = Release|Any CPU
		{C487D86E-3523-4A00-9BDB-E655D0105E1A}.Release|Any CPU.Build.0 = Release|Any CPU
		{B1A3D13D-01BD-48A6-B798-3BF73E0C1D23}.Debug|Any CPU.ActiveCfg = Debug|Any CPU
		{B1A3D13D-01BD-48A6-B798-3BF73E0C1D23}.Debug|Any CPU.Build.0 = Debug|Any CPU
		{B1A3D13D-01BD-48A6-B798-3BF73E0C1D23}.Release|Any CPU.ActiveCfg = Release|Any CPU
		{B1A3D13D-01BD-48A6-B798-3BF73E0C1D23}.Release|Any CPU.Build.0 = Release|Any CPU
		{09007305-4C3C-4D54-A4DA-5CA83837DD76}.Debug|Any CPU.ActiveCfg = Debug|Any CPU
		{09007305-4C3C-4D54-A4DA-5CA83837DD76}.Debug|Any CPU.Build.0 = Debug|Any CPU
		{09007305-4C3C-4D54-A4DA-5CA83837DD76}.Release|Any CPU.ActiveCfg = Release|Any CPU
		{09007305-4C3C-4D54-A4DA-5CA83837DD76}.Release|Any CPU.Build.0 = Release|Any CPU
		{F7137A4D-A160-4647-8DE5-9DA16EEAF40E}.Debug|Any CPU.ActiveCfg = Debug|Any CPU
		{F7137A4D-A160-4647-8DE5-9DA16EEAF40E}.Debug|Any CPU.Build.0 = Debug|Any CPU
		{F7137A4D-A160-4647-8DE5-9DA16EEAF40E}.Release|Any CPU.ActiveCfg = Release|Any CPU
		{F7137A4D-A160-4647-8DE5-9DA16EEAF40E}.Release|Any CPU.Build.0 = Release|Any CPU
		{3EC1BFEE-476E-4902-B806-777A5D294DC6}.Debug|Any CPU.ActiveCfg = Debug|Any CPU
		{3EC1BFEE-476E-4902-B806-777A5D294DC6}.Debug|Any CPU.Build.0 = Debug|Any CPU
		{3EC1BFEE-476E-4902-B806-777A5D294DC6}.Release|Any CPU.ActiveCfg = Release|Any CPU
		{3EC1BFEE-476E-4902-B806-777A5D294DC6}.Release|Any CPU.Build.0 = Release|Any CPU
		{7572A78E-BC09-4811-A28F-E3C449F992F2}.Debug|Any CPU.ActiveCfg = Debug|Any CPU
		{7572A78E-BC09-4811-A28F-E3C449F992F2}.Debug|Any CPU.Build.0 = Debug|Any CPU
		{7572A78E-BC09-4811-A28F-E3C449F992F2}.Release|Any CPU.ActiveCfg = Release|Any CPU
		{7572A78E-BC09-4811-A28F-E3C449F992F2}.Release|Any CPU.Build.0 = Release|Any CPU
		{6ABC3046-4AFE-4BA5-8064-3619529A62F1}.Debug|Any CPU.ActiveCfg = Debug|Any CPU
		{6ABC3046-4AFE-4BA5-8064-3619529A62F1}.Debug|Any CPU.Build.0 = Debug|Any CPU
		{6ABC3046-4AFE-4BA5-8064-3619529A62F1}.Release|Any CPU.ActiveCfg = Release|Any CPU
		{6ABC3046-4AFE-4BA5-8064-3619529A62F1}.Release|Any CPU.Build.0 = Release|Any CPU
		{D9AFCC67-B67C-4604-844F-9FE152C460F4}.Debug|Any CPU.ActiveCfg = Debug|Any CPU
		{D9AFCC67-B67C-4604-844F-9FE152C460F4}.Debug|Any CPU.Build.0 = Debug|Any CPU
		{D9AFCC67-B67C-4604-844F-9FE152C460F4}.Release|Any CPU.ActiveCfg = Release|Any CPU
		{D9AFCC67-B67C-4604-844F-9FE152C460F4}.Release|Any CPU.Build.0 = Release|Any CPU
		{F56CCC12-E0A0-42E0-B883-45D2AC25B0D2}.Debug|Any CPU.ActiveCfg = Debug|Any CPU
		{F56CCC12-E0A0-42E0-B883-45D2AC25B0D2}.Debug|Any CPU.Build.0 = Debug|Any CPU
		{F56CCC12-E0A0-42E0-B883-45D2AC25B0D2}.Release|Any CPU.ActiveCfg = Release|Any CPU
		{F56CCC12-E0A0-42E0-B883-45D2AC25B0D2}.Release|Any CPU.Build.0 = Release|Any CPU
		{75B3D8F6-2E5A-446D-B958-0F3A290D20AE}.Debug|Any CPU.ActiveCfg = Debug|Any CPU
		{75B3D8F6-2E5A-446D-B958-0F3A290D20AE}.Debug|Any CPU.Build.0 = Debug|Any CPU
		{75B3D8F6-2E5A-446D-B958-0F3A290D20AE}.Release|Any CPU.ActiveCfg = Release|Any CPU
		{75B3D8F6-2E5A-446D-B958-0F3A290D20AE}.Release|Any CPU.Build.0 = Release|Any CPU
		{4C1A8EFC-D8D0-4B62-91D8-C9C9529E0CFD}.Debug|Any CPU.ActiveCfg = Debug|Any CPU
		{4C1A8EFC-D8D0-4B62-91D8-C9C9529E0CFD}.Debug|Any CPU.Build.0 = Debug|Any CPU
		{4C1A8EFC-D8D0-4B62-91D8-C9C9529E0CFD}.Release|Any CPU.ActiveCfg = Release|Any CPU
		{4C1A8EFC-D8D0-4B62-91D8-C9C9529E0CFD}.Release|Any CPU.Build.0 = Release|Any CPU
		{F60966FB-621F-4431-B8A5-F09AF941360A}.Debug|Any CPU.ActiveCfg = Debug|Any CPU
		{F60966FB-621F-4431-B8A5-F09AF941360A}.Debug|Any CPU.Build.0 = Debug|Any CPU
		{F60966FB-621F-4431-B8A5-F09AF941360A}.Release|Any CPU.ActiveCfg = Release|Any CPU
		{F60966FB-621F-4431-B8A5-F09AF941360A}.Release|Any CPU.Build.0 = Release|Any CPU
	EndGlobalSection
	GlobalSection(SolutionProperties) = preSolution
		HideSolutionNode = FALSE
	EndGlobalSection
	GlobalSection(NestedProjects) = preSolution
		{8D38E5EA-7B85-4CE8-9A4C-3430D1B5532A} = {C2DC1743-0D3B-407E-A0FB-464D060CB0D3}
		{C14C6EDF-24F0-4308-A44B-016834F053DC} = {8D38E5EA-7B85-4CE8-9A4C-3430D1B5532A}
		{ECB10148-D7E6-4569-A053-13FC5FA35F5C} = {C2DC1743-0D3B-407E-A0FB-464D060CB0D3}
		{F1412951-EF71-4C27-BE3C-2AF895F71669} = {ECB10148-D7E6-4569-A053-13FC5FA35F5C}
		{4870DDCC-F869-44E5-8CDF-4D896F8BF878} = {C2DC1743-0D3B-407E-A0FB-464D060CB0D3}
		{0FE300DC-4FB8-4F5C-8089-C2EECC6812CF} = {4870DDCC-F869-44E5-8CDF-4D896F8BF878}
		{F7011139-0453-4C09-B2EB-C8BE01D79BBE} = {C2DC1743-0D3B-407E-A0FB-464D060CB0D3}
		{4F92E855-1127-488E-8770-4188616710B3} = {F7011139-0453-4C09-B2EB-C8BE01D79BBE}
		{749FFEEC-BA3B-4BF3-929C-2E666889DFA4} = {C2DC1743-0D3B-407E-A0FB-464D060CB0D3}
		{7480E387-6CC2-49F0-B214-0862D3129937} = {749FFEEC-BA3B-4BF3-929C-2E666889DFA4}
		{759C5AC7-0206-4CFE-80D3-D771198BE964} = {C2DC1743-0D3B-407E-A0FB-464D060CB0D3}
		{6C1D1CFE-A75A-4A7A-AECF-AAE1CB783F27} = {759C5AC7-0206-4CFE-80D3-D771198BE964}
		{7264700B-6D13-46C7-8934-40249CC55713} = {C2DC1743-0D3B-407E-A0FB-464D060CB0D3}
		{E67DBDBC-D311-46CB-8F6F-4A84F1FCE8B0} = {7264700B-6D13-46C7-8934-40249CC55713}
		{CCFA2C06-FD96-43FA-9D20-44220030B7EE} = {C2DC1743-0D3B-407E-A0FB-464D060CB0D3}
		{C487D86E-3523-4A00-9BDB-E655D0105E1A} = {CCFA2C06-FD96-43FA-9D20-44220030B7EE}
		{061A7ADE-AE55-4D3F-A027-A9F0C43316FC} = {C2DC1743-0D3B-407E-A0FB-464D060CB0D3}
		{B1A3D13D-01BD-48A6-B798-3BF73E0C1D23} = {061A7ADE-AE55-4D3F-A027-A9F0C43316FC}
		{9EA395C6-DDA0-4B17-8FF2-EF491A80513A} = {C2DC1743-0D3B-407E-A0FB-464D060CB0D3}
		{09007305-4C3C-4D54-A4DA-5CA83837DD76} = {9EA395C6-DDA0-4B17-8FF2-EF491A80513A}
		{4BE20776-A0A9-467C-AA27-3E2B5DF222D7} = {C2DC1743-0D3B-407E-A0FB-464D060CB0D3}
		{F7137A4D-A160-4647-8DE5-9DA16EEAF40E} = {4BE20776-A0A9-467C-AA27-3E2B5DF222D7}
		{DCEDFD98-7910-46CC-B00E-F4C11D0A764C} = {C2DC1743-0D3B-407E-A0FB-464D060CB0D3}
		{3EC1BFEE-476E-4902-B806-777A5D294DC6} = {DCEDFD98-7910-46CC-B00E-F4C11D0A764C}
		{01F5592D-11E1-413D-BB9E-6FEC52058BB4} = {C2DC1743-0D3B-407E-A0FB-464D060CB0D3}
		{7572A78E-BC09-4811-A28F-E3C449F992F2} = {01F5592D-11E1-413D-BB9E-6FEC52058BB4}
		{8AF4922D-9D1F-44BB-BAC4-A5F79CB6B4AF} = {C2DC1743-0D3B-407E-A0FB-464D060CB0D3}
		{6ABC3046-4AFE-4BA5-8064-3619529A62F1} = {8AF4922D-9D1F-44BB-BAC4-A5F79CB6B4AF}
		{2933BC16-1643-4D3E-85AD-556E23AA82A6} = {C2DC1743-0D3B-407E-A0FB-464D060CB0D3}
		{D9AFCC67-B67C-4604-844F-9FE152C460F4} = {2933BC16-1643-4D3E-85AD-556E23AA82A6}
		{E6EA2D61-0556-4D65-9D39-371700408A4B} = {C2DC1743-0D3B-407E-A0FB-464D060CB0D3}
		{F56CCC12-E0A0-42E0-B883-45D2AC25B0D2} = {E6EA2D61-0556-4D65-9D39-371700408A4B}
		{3218169A-3214-443E-B53C-FCFCB08D1EFD} = {C2DC1743-0D3B-407E-A0FB-464D060CB0D3}
		{75B3D8F6-2E5A-446D-B958-0F3A290D20AE} = {3218169A-3214-443E-B53C-FCFCB08D1EFD}
		{DC4A4221-C790-40CB-92F7-7B171A232A50} = {C2DC1743-0D3B-407E-A0FB-464D060CB0D3}
		{4C1A8EFC-D8D0-4B62-91D8-C9C9529E0CFD} = {DC4A4221-C790-40CB-92F7-7B171A232A50}
		{0DF9F0DC-8B97-41C1-9520-5732F940DD99} = {C2DC1743-0D3B-407E-A0FB-464D060CB0D3}
		{F60966FB-621F-4431-B8A5-F09AF941360A} = {0DF9F0DC-8B97-41C1-9520-5732F940DD99}
	EndGlobalSection
	GlobalSection(ExtensibilityGlobals) = postSolution
		SolutionGuid = {6517531D-16FD-4F80-8221-B78FAAFCA8E7}
	EndGlobalSection
EndGlobal
