
Microsoft Visual Studio Solution File, Format Version 12.00
# Visual Studio Version 17
VisualStudioVersion = 17.9.34902.65
MinimumVisualStudioVersion = 10.0.40219.1
Project("{2150E333-8FDC-42A3-9474-1A3956D46DE8}") = "aspnet_core_mvc", "aspnet_core_mvc", "{C2DC1743-0D3B-407E-A0FB-464D060CB0D3}"
EndProject
Project("{2150E333-8FDC-42A3-9474-1A3956D46DE8}") = "1 - Filters in Core MVC", "1 - Filters in Core MVC", "{8D38E5EA-7B85-4CE8-9A4C-3430D1B5532A}"
EndProject
Project("{9A19103F-16F7-4668-BE54-9A1E7A4F7556}") = "filters_in_core_mvc", "aspnet_core_mvc\1 - Filters in Core MVC\filters_in_core_mvc\filters_in_core_mvc.csproj", "{C14C6EDF-24F0-4308-A44B-016834F053DC}"
EndProject
Project("{2150E333-8FDC-42A3-9474-1A3956D46DE8}") = "2 - Anti-Forgery Token in Core MVC", "2 - Anti-Forgery Token in Core MVC", "{ECB10148-D7E6-4569-A053-13FC5FA35F5C}"
EndProject
Project("{FAE04EC0-301F-11D3-BF4B-00C04F79EFBC}") = "antiforgery_token", "aspnet_core_mvc\2 - Anti-Forgery Token in Core MVC\antiforgery_token\antiforgery_token.csproj", "{F1412951-EF71-4C27-BE3C-2AF895F71669}"
EndProject
Project("{2150E333-8FDC-42A3-9474-1A3956D46DE8}") = "3 - ViewData, ViewBag and TempData", "3 - ViewData, ViewBag and TempData", "{4870DDCC-F869-44E5-8CDF-4D896F8BF878}"
EndProject
Project("{FAE04EC0-301F-11D3-BF4B-00C04F79EFBC}") = "viewbag_viewdata_tempdata", "aspnet_core_mvc\3 - ViewData, ViewBag and TempData\viewbag_viewdata_tempdata\viewbag_viewdata_tempdata.csproj", "{0FE300DC-4FB8-4F5C-8089-C2EECC6812CF}"
EndProject
Project("{2150E333-8FDC-42A3-9474-1A3956D46DE8}") = "4 - Passing Data between Controllers and Views", "4 - Passing Data between Controllers and Views", "{F7011139-0453-4C09-B2EB-C8BE01D79BBE}"
EndProject
Project("{FAE04EC0-301F-11D3-BF4B-00C04F79EFBC}") = "passing_data", "aspnet_core_mvc\4 - Passing Data between Controllers and Views\passing_data\passing_data.csproj", "{4F92E855-1127-488E-8770-4188616710B3}"
EndProject
Project("{2150E333-8FDC-42A3-9474-1A3956D46DE8}") = "5 - Routing in Core MVC", "5 - Routing in Core MVC", "{749FFEEC-BA3B-4BF3-929C-2E666889DFA4}"
EndProject
Project("{FAE04EC0-301F-11D3-BF4B-00C04F79EFBC}") = "routing_in_core_mvc", "aspnet_core_mvc\5 - Routing in Core MVC\routing_in_core_mvc\routing_in_core_mvc.csproj", "{7480E387-6CC2-49F0-B214-0862D3129937}"
EndProject
Global
	GlobalSection(SolutionConfigurationPlatforms) = preSolution
		Debug|Any CPU = Debug|Any CPU
		Release|Any CPU = Release|Any CPU
	EndGlobalSection
	GlobalSection(ProjectConfigurationPlatforms) = postSolution
		{C14C6EDF-24F0-4308-A44B-016834F053DC}.Debug|Any CPU.ActiveCfg = Debug|Any CPU
		{C14C6EDF-24F0-4308-A44B-016834F053DC}.Debug|Any CPU.Build.0 = Debug|Any CPU
		{C14C6EDF-24F0-4308-A44B-016834F053DC}.Release|Any CPU.ActiveCfg = Release|Any CPU
		{C14C6EDF-24F0-4308-A44B-016834F053DC}.Release|Any CPU.Build.0 = Release|Any CPU
		{F1412951-EF71-4C27-BE3C-2AF895F71669}.Debug|Any CPU.ActiveCfg = Debug|Any CPU
		{F1412951-EF71-4C27-BE3C-2AF895F71669}.Debug|Any CPU.Build.0 = Debug|Any CPU
		{F1412951-EF71-4C27-BE3C-2AF895F71669}.Release|Any CPU.ActiveCfg = Release|Any CPU
		{F1412951-EF71-4C27-BE3C-2AF895F71669}.Release|Any CPU.Build.0 = Release|Any CPU
		{0FE300DC-4FB8-4F5C-8089-C2EECC6812CF}.Debug|Any CPU.ActiveCfg = Debug|Any CPU
		{0FE300DC-4FB8-4F5C-8089-C2EECC6812CF}.Debug|Any CPU.Build.0 = Debug|Any CPU
		{0FE300DC-4FB8-4F5C-8089-C2EECC6812CF}.Release|Any CPU.ActiveCfg = Release|Any CPU
		{0FE300DC-4FB8-4F5C-8089-C2EECC6812CF}.Release|Any CPU.Build.0 = Release|Any CPU
		{4F92E855-1127-488E-8770-4188616710B3}.Debug|Any CPU.ActiveCfg = Debug|Any CPU
		{4F92E855-1127-488E-8770-4188616710B3}.Debug|Any CPU.Build.0 = Debug|Any CPU
		{4F92E855-1127-488E-8770-4188616710B3}.Release|Any CPU.ActiveCfg = Release|Any CPU
		{4F92E855-1127-488E-8770-4188616710B3}.Release|Any CPU.Build.0 = Release|Any CPU
		{7480E387-6CC2-49F0-B214-0862D3129937}.Debug|Any CPU.ActiveCfg = Debug|Any CPU
		{7480E387-6CC2-49F0-B214-0862D3129937}.Debug|Any CPU.Build.0 = Debug|Any CPU
		{7480E387-6CC2-49F0-B214-0862D3129937}.Release|Any CPU.ActiveCfg = Release|Any CPU
		{7480E387-6CC2-49F0-B214-0862D3129937}.Release|Any CPU.Build.0 = Release|Any CPU
	EndGlobalSection
	GlobalSection(SolutionProperties) = preSolution
		HideSolutionNode = FALSE
	EndGlobalSection
	GlobalSection(NestedProjects) = preSolution
		{8D38E5EA-7B85-4CE8-9A4C-3430D1B5532A} = {C2DC1743-0D3B-407E-A0FB-464D060CB0D3}
		{C14C6EDF-24F0-4308-A44B-016834F053DC} = {8D38E5EA-7B85-4CE8-9A4C-3430D1B5532A}
		{ECB10148-D7E6-4569-A053-13FC5FA35F5C} = {C2DC1743-0D3B-407E-A0FB-464D060CB0D3}
		{F1412951-EF71-4C27-BE3C-2AF895F71669} = {ECB10148-D7E6-4569-A053-13FC5FA35F5C}
		{4870DDCC-F869-44E5-8CDF-4D896F8BF878} = {C2DC1743-0D3B-407E-A0FB-464D060CB0D3}
		{0FE300DC-4FB8-4F5C-8089-C2EECC6812CF} = {4870DDCC-F869-44E5-8CDF-4D896F8BF878}
		{F7011139-0453-4C09-B2EB-C8BE01D79BBE} = {C2DC1743-0D3B-407E-A0FB-464D060CB0D3}
		{4F92E855-1127-488E-8770-4188616710B3} = {F7011139-0453-4C09-B2EB-C8BE01D79BBE}
		{749FFEEC-BA3B-4BF3-929C-2E666889DFA4} = {C2DC1743-0D3B-407E-A0FB-464D060CB0D3}
		{7480E387-6CC2-49F0-B214-0862D3129937} = {749FFEEC-BA3B-4BF3-929C-2E666889DFA4}
	EndGlobalSection
	GlobalSection(ExtensibilityGlobals) = postSolution
		SolutionGuid = {6517531D-16FD-4F80-8221-B78FAAFCA8E7}
	EndGlobalSection
EndGlobal
